// !$*UTF8*$!
{
	archiveVersion = 1;
	classes = {
	};
	objectVersion = 46;
	objects = {

/* Begin PBXBuildFile section */
		7CB1D5061CCAA6D5005D106B /* AppDelegate.swift in Sources */ = {isa = PBXBuildFile; fileRef = 7CB1D5051CCAA6D5005D106B /* AppDelegate.swift */; };
		7CB1D5081CCAA6D5005D106B /* ViewController.swift in Sources */ = {isa = PBXBuildFile; fileRef = 7CB1D5071CCAA6D5005D106B /* ViewController.swift */; };
		7CB1D50B1CCAA6D5005D106B /* Main.storyboard in Resources */ = {isa = PBXBuildFile; fileRef = 7CB1D5091CCAA6D5005D106B /* Main.storyboard */; };
		7CB1D50D1CCAA6D5005D106B /* Assets.xcassets in Resources */ = {isa = PBXBuildFile; fileRef = 7CB1D50C1CCAA6D5005D106B /* Assets.xcassets */; };
		7CB1D5101CCAA6D5005D106B /* LaunchScreen.storyboard in Resources */ = {isa = PBXBuildFile; fileRef = 7CB1D50E1CCAA6D5005D106B /* LaunchScreen.storyboard */; };
/* End PBXBuildFile section */

/* Begin PBXFileReference section */
		7CB1D5021CCAA6D5005D106B /* SuperCool.app */ = {isa = PBXFileReference; explicitFileType = wrapper.application; includeInIndex = 0; path = SuperCool.app; sourceTree = BUILT_PRODUCTS_DIR; };
		7CB1D5051CCAA6D5005D106B /* AppDelegate.swift */ = {isa = PBXFileReference; lastKnownFileType = sourcecode.swift; path = AppDelegate.swift; sourceTree = "<group>"; };
		7CB1D5071CCAA6D5005D106B /* ViewController.swift */ = {isa = PBXFileReference; lastKnownFileType = sourcecode.swift; path = ViewController.swift; sourceTree = "<group>"; };
		7CB1D50A1CCAA6D5005D106B /* Base */ = {isa = PBXFileReference; lastKnownFileType = file.storyboard; name = Base; path = Base.lproj/Main.storyboard; sourceTree = "<group>"; };
		7CB1D50C1CCAA6D5005D106B /* Assets.xcassets */ = {isa = PBXFileReference; lastKnownFileType = folder.assetcatalog; path = Assets.xcassets; sourceTree = "<group>"; };
		7CB1D50F1CCAA6D5005D106B /* Base */ = {isa = PBXFileReference; lastKnownFileType = file.storyboard; name = Base; path = Base.lproj/LaunchScreen.storyboard; sourceTree = "<group>"; };
		7CB1D5111CCAA6D5005D106B /* Info.plist */ = {isa = PBXFileReference; lastKnownFileType = text.plist.xml; path = Info.plist; sourceTree = "<group>"; };
/* End PBXFileReference section */

/* Begin PBXFrameworksBuildPhase section */
		7CB1D4FF1CCAA6D4005D106B /* Frameworks */ = {
			isa = PBXFrameworksBuildPhase;
			buildActionMask = 2147483647;
			files = (
			);
			runOnlyForDeploymentPostprocessing = 0;
		};
/* End PBXFrameworksBuildPhase section */

/* Begin PBXGroup section */
		7CB1D4F91CCAA6D4005D106B = {
			isa = PBXGroup;
			children = (
				7CB1D5041CCAA6D5005D106B /* SuperCool */,
				7CB1D5031CCAA6D5005D106B /* Products */,
			);
			sourceTree = "<group>";
		};
		7CB1D5031CCAA6D5005D106B /* Products */ = {
			isa = PBXGroup;
			children = (
				7CB1D5021CCAA6D5005D106B /* SuperCool.app */,
			);
			name = Products;
			sourceTree = "<group>";
		};
		7CB1D5041CCAA6D5005D106B /* SuperCool */ = {
			isa = PBXGroup;
			children = (
				7CB1D5051CCAA6D5005D106B /* AppDelegate.swift */,
				7CB1D5071CCAA6D5005D106B /* ViewController.swift */,
				7CB1D5091CCAA6D5005D106B /* Main.storyboard */,
				7CB1D50C1CCAA6D5005D106B /* Assets.xcassets */,
				7CB1D50E1CCAA6D5005D106B /* LaunchScreen.storyboard */,
				7CB1D5111CCAA6D5005D106B /* Info.plist */,
			);
			path = SuperCool;
			sourceTree = "<group>";
		};
/* End PBXGroup section */

/* Begin PBXNativeTarget section */
		7CB1D5011CCAA6D4005D106B /* SuperCool */ = {
			isa = PBXNativeTarget;
			buildConfigurationList = 7CB1D5141CCAA6D5005D106B /* Build configuration list for PBXNativeTarget "SuperCool" */;
			buildPhases = (
				7CB1D4FE1CCAA6D4005D106B /* Sources */,
				7CB1D4FF1CCAA6D4005D106B /* Frameworks */,
				7CB1D5001CCAA6D4005D106B /* Resources */,
			);
			buildRules = (
			);
			dependencies = (
			);
			name = SuperCool;
			productName = SuperCool;
			productReference = 7CB1D5021CCAA6D5005D106B /* SuperCool.app */;
			productType = "com.apple.product-type.application";
		};
/* End PBXNativeTarget section */

/* Begin PBXProject section */
		7CB1D4FA1CCAA6D4005D106B /* Project object */ = {
			isa = PBXProject;
			attributes = {
				LastSwiftUpdateCheck = 0730;
				LastUpgradeCheck = 0730;
				ORGANIZATIONNAME = welvetech;
				TargetAttributes = {
					7CB1D5011CCAA6D4005D106B = {
						CreatedOnToolsVersion = 7.3;
						DevelopmentTeam = SNAW2QNVXA;
					};
				};
			};
			buildConfigurationList = 7CB1D4FD1CCAA6D4005D106B /* Build configuration list for PBXProject "SuperCool" */;
			compatibilityVersion = "Xcode 3.2";
			developmentRegion = English;
			hasScannedForEncodings = 0;
			knownRegions = (
				en,
				Base,
			);
			mainGroup = 7CB1D4F91CCAA6D4005D106B;
			productRefGroup = 7CB1D5031CCAA6D5005D106B /* Products */;
			projectDirPath = "";
			projectRoot = "";
			targets = (
				7CB1D5011CCAA6D4005D106B /* SuperCool */,
			);
		};
/* End PBXProject section */

/* Begin PBXResourcesBuildPhase section */
		7CB1D5001CCAA6D4005D106B /* Resources */ = {
			isa = PBXResourcesBuildPhase;
			buildActionMask = 2147483647;
			files = (
				7CB1D5101CCAA6D5005D106B /* LaunchScreen.storyboard in Resources */,
				7CB1D50D1CCAA6D5005D106B /* Assets.xcassets in Resources */,
				7CB1D50B1CCAA6D5005D106B /* Main.storyboard in Resources */,
			);
			runOnlyForDeploymentPostprocessing = 0;
		};
/* End PBXResourcesBuildPhase section */

/* Begin PBXSourcesBuildPhase section */
		7CB1D4FE1CCAA6D4005D106B /* Sources */ = {
			isa = PBXSourcesBuildPhase;
			buildActionMask = 2147483647;
			files = (
				7CB1D5081CCAA6D5005D106B /* ViewController.swift in Sources */,
				7CB1D5061CCAA6D5005D106B /* AppDelegate.swift in Sources */,
			);
			runOnlyForDeploymentPostprocessing = 0;
		};
/* End PBXSourcesBuildPhase section */

/* Begin PBXVariantGroup section */
		7CB1D5091CCAA6D5005D106B /* Main.storyboard */ = {
			isa = PBXVariantGroup;
			children = (
				7CB1D50A1CCAA6D5005D106B /* Base */,
			);
			name = Main.storyboard;
			sourceTree = "<group>";
		};
		7CB1D50E1CCAA6D5005D106B /* LaunchScreen.storyboard */ = {
			isa = PBXVariantGroup;
			children = (
				7CB1D50F1CCAA6D5005D106B /* Base */,
			);
			name = LaunchScreen.storyboard;
			sourceTree = "<group>";
		};
/* End PBXVariantGroup section */

/* Begin XCBuildConfiguration section */
		7CB1D5121CCAA6D5005D106B /* Debug */ = {
			isa = XCBuildConfiguration;
			buildSettings = {
				ALWAYS_SEARCH_USER_PATHS = NO;
				CLANG_ANALYZER_NONNULL = YES;
				CLANG_CXX_LANGUAGE_STANDARD = "gnu++0x";
				CLANG_CXX_LIBRARY = "libc++";
				CLANG_ENABLE_MODULES = YES;
				CLANG_ENABLE_OBJC_ARC = YES;
				CLANG_WARN_BOOL_CONVERSION = YES;
				CLANG_WARN_CONSTANT_CONVERSION = YES;
				CLANG_WARN_DIRECT_OBJC_ISA_USAGE = YES_ERROR;
				CLANG_WARN_EMPTY_BODY = YES;
				CLANG_WARN_ENUM_CONVERSION = YES;
				CLANG_WARN_INT_CONVERSION = YES;
				CLANG_WARN_OBJC_ROOT_CLASS = YES_ERROR;
				CLANG_WARN_UNREACHABLE_CODE = YES;
				CLANG_WARN__DUPLICATE_METHOD_MATCH = YES;
				"CODE_SIGN_IDENTITY[sdk=iphoneos*]" = "iPhone Developer";
				COPY_PHASE_STRIP = NO;
				DEBUG_INFORMATION_FORMAT = dwarf;
				ENABLE_STRICT_OBJC_MSGSEND = YES;
				ENABLE_TESTABILITY = YES;
				GCC_C_LANGUAGE_STANDARD = gnu99;
				GCC_DYNAMIC_NO_PIC = NO;
				GCC_NO_COMMON_BLOCKS = YES;
				GCC_OPTIMIZATION_LEVEL = 0;
				GCC_PREPROCESSOR_DEFINITIONS = (
					"DEBUG=1",
					"$(inherited)",
				);
				GCC_WARN_64_TO_32_BIT_CONVERSION = YES;
				GCC_WARN_ABOUT_RETURN_TYPE = YES_ERROR;
				GCC_WARN_UNDECLARED_SELECTOR = YES;
				GCC_WARN_UNINITIALIZED_AUTOS = YES_AGGRESSIVE;
				GCC_WARN_UNUSED_FUNCTION = YES;
				GCC_WARN_UNUSED_VARIABLE = YES;
				IPHONEOS_DEPLOYMENT_TARGET = 9.3;
				MTL_ENABLE_DEBUG_INFO = YES;
				ONLY_ACTIVE_ARCH = YES;
				SDKROOT = iphoneos;
				SWIFT_OPTIMIZATION_LEVEL = "-Onone";
			};
			name = Debug;
		};
		7CB1D5131CCAA6D5005D106B /* Release */ = {
			isa = XCBuildConfiguration;
			buildSettings = {
				ALWAYS_SEARCH_USER_PATHS = NO;
				CLANG_ANALYZER_NONNULL = YES;
				CLANG_CXX_LANGUAGE_STANDARD = "gnu++0x";
				CLANG_CXX_LIBRARY = "libc++";
				CLANG_ENABLE_MODULES = YES;
				CLANG_ENABLE_OBJC_ARC = YES;
				CLANG_WARN_BOOL_CONVERSION = YES;
				CLANG_WARN_CONSTANT_CONVERSION = YES;
				CLANG_WARN_DIRECT_OBJC_ISA_USAGE = YES_ERROR;
				CLANG_WARN_EMPTY_BODY = YES;
				CLANG_WARN_ENUM_CONVERSION = YES;
				CLANG_WARN_INT_CONVERSION = YES;
				CLANG_WARN_OBJC_ROOT_CLASS = YES_ERROR;
				CLANG_WARN_UNREACHABLE_CODE = YES;
				CLANG_WARN__DUPLICATE_METHOD_MATCH = YES;
				"CODE_SIGN_IDENTITY[sdk=iphoneos*]" = "iPhone Developer";
				COPY_PHASE_STRIP = NO;
				DEBUG_INFORMATION_FORMAT = "dwarf-with-dsym";
				ENABLE_NS_ASSERTIONS = NO;
				ENABLE_STRICT_OBJC_MSGSEND = YES;
				GCC_C_LANGUAGE_STANDARD = gnu99;
				GCC_NO_COMMON_BLOCKS = YES;
				GCC_WARN_64_TO_32_BIT_CONVERSION = YES;
				GCC_WARN_ABOUT_RETURN_TYPE = YES_ERROR;
				GCC_WARN_UNDECLARED_SELECTOR = YES;
				GCC_WARN_UNINITIALIZED_AUTOS = YES_AGGRESSIVE;
				GCC_WARN_UNUSED_FUNCTION = YES;
				GCC_WARN_UNUSED_VARIABLE = YES;
				IPHONEOS_DEPLOYMENT_TARGET = 9.3;
				MTL_ENABLE_DEBUG_INFO = NO;
				SDKROOT = iphoneos;
				VALIDATE_PRODUCT = YES;
			};
			name = Release;
		};
		7CB1D5151CCAA6D5005D106B /* Debug */ = {
			isa = XCBuildConfiguration;
			buildSettings = {
				ASSETCATALOG_COMPILER_APPICON_NAME = AppIcon;
				INFOPLIST_FILE = SuperCool/Info.plist;
				LD_RUNPATH_SEARCH_PATHS = "$(inherited) @executable_path/Frameworks";
				PRODUCT_BUNDLE_IDENTIFIER = com.welvetech.SuperCool;
				PRODUCT_NAME = "$(TARGET_NAME)";
			};
			name = Debug;
		};
		7CB1D5161CCAA6D5005D106B /* Release */ = {
			isa = XCBuildConfiguration;
			buildSettings = {
				ASSETCATALOG_COMPILER_APPICON_NAME = AppIcon;
				INFOPLIST_FILE = SuperCool/Info.plist;
				LD_RUNPATH_SEARCH_PATHS = "$(inherited) @executable_path/Frameworks";
				PRODUCT_BUNDLE_IDENTIFIER = com.welvetech.SuperCool;
				PRODUCT_NAME = "$(TARGET_NAME)";
			};
			name = Release;
		};
/* End XCBuildConfiguration section */

/* Begin XCConfigurationList section */
		7CB1D4FD1CCAA6D4005D106B /* Build configuration list for PBXProject "SuperCool" */ = {
			isa = XCConfigurationList;
			buildConfigurations = (
				7CB1D5121CCAA6D5005D106B /* Debug */,
				7CB1D5131CCAA6D5005D106B /* Release */,
			);
			defaultConfigurationIsVisible = 0;
			defaultConfigurationName = Release;
		};
		7CB1D5141CCAA6D5005D106B /* Build configuration list for PBXNativeTarget "SuperCool" */ = {
			isa = XCConfigurationList;
			buildConfigurations = (
				7CB1D5151CCAA6D5005D106B /* Debug */,
				7CB1D5161CCAA6D5005D106B /* Release */,
			);
			defaultConfigurationIsVisible = 0;
		};
/* End XCConfigurationList section */
	};
	rootObject = 7CB1D4FA1CCAA6D4005D106B /* Project object */;
}
